
Microsoft Visual Studio Solution File, Format Version 12.00
# Visual Studio Version 17
VisualStudioVersion = 17.3.32929.385
MinimumVisualStudioVersion = 10.0.40219.1
Project("{FAE04EC0-301F-11D3-BF4B-00C04F79EFBC}") = "21520638_Bai1_PDF", "21520638_Bai1_PDF\21520638_Bai1_PDF.csproj", "{E33665CA-4771-4877-A850-8B6602E847FD}"
EndProject
Global
	GlobalSection(SolutionConfigurationPlatforms) = preSolution
		Debug|Any CPU = Debug|Any CPU
		Release|Any CPU = Release|Any CPU
	EndGlobalSection
	GlobalSection(ProjectConfigurationPlatforms) = postSolution
		{E33665CA-4771-4877-A850-8B6602E847FD}.Debug|Any CPU.ActiveCfg = Debug|Any CPU
		{E33665CA-4771-4877-A850-8B6602E847FD}.Debug|Any CPU.Build.0 = Debug|Any CPU
		{E33665CA-4771-4877-A850-8B6602E847FD}.Release|Any CPU.ActiveCfg = Release|Any CPU
		{E33665CA-4771-4877-A850-8B6602E847FD}.Release|Any CPU.Build.0 = Release|Any CPU
	EndGlobalSection
	GlobalSection(SolutionProperties) = preSolution
		HideSolutionNode = FALSE
	EndGlobalSection
	GlobalSection(ExtensibilityGlobals) = postSolution
		SolutionGuid = {3A3BB2A6-3447-4120-88DE-1B1EBFDF36C7}
	EndGlobalSection
EndGlobal
