
Microsoft Visual Studio Solution File, Format Version 12.00
# Visual Studio Version 17
VisualStudioVersion = 17.1.32414.318
MinimumVisualStudioVersion = 10.0.40219.1
Project("{FAE04EC0-301F-11D3-BF4B-00C04F79EFBC}") = "TestCThang", "TestCThang\TestCThang.csproj", "{46A77FE3-4F55-4037-B13D-8A9FA0567B1A}"
EndProject
Global
	GlobalSection(SolutionConfigurationPlatforms) = preSolution
		Debug|Any CPU = Debug|Any CPU
		Release|Any CPU = Release|Any CPU
	EndGlobalSection
	GlobalSection(ProjectConfigurationPlatforms) = postSolution
		{46A77FE3-4F55-4037-B13D-8A9FA0567B1A}.Debug|Any CPU.ActiveCfg = Debug|Any CPU
		{46A77FE3-4F55-4037-B13D-8A9FA0567B1A}.Debug|Any CPU.Build.0 = Debug|Any CPU
		{46A77FE3-4F55-4037-B13D-8A9FA0567B1A}.Release|Any CPU.ActiveCfg = Release|Any CPU
		{46A77FE3-4F55-4037-B13D-8A9FA0567B1A}.Release|Any CPU.Build.0 = Release|Any CPU
	EndGlobalSection
	GlobalSection(SolutionProperties) = preSolution
		HideSolutionNode = FALSE
	EndGlobalSection
	GlobalSection(ExtensibilityGlobals) = postSolution
		SolutionGuid = {AE10D9C1-9998-472C-8B01-E0340C7F6BF5}
	EndGlobalSection
EndGlobal
