
Microsoft Visual Studio Solution File, Format Version 12.00
# Visual Studio Version 17
VisualStudioVersion = 17.3.32929.385
MinimumVisualStudioVersion = 10.0.40219.1
Project("{FAE04EC0-301F-11D3-BF4B-00C04F79EFBC}") = "GUI", "GUI\GUI.csproj", "{FC03ED63-6656-4229-99B7-EA88BB59E1C4}"
EndProject
Global
	GlobalSection(SolutionConfigurationPlatforms) = preSolution
		Debug|Any CPU = Debug|Any CPU
		Release|Any CPU = Release|Any CPU
	EndGlobalSection
	GlobalSection(ProjectConfigurationPlatforms) = postSolution
		{FC03ED63-6656-4229-99B7-EA88BB59E1C4}.Debug|Any CPU.ActiveCfg = Debug|Any CPU
		{FC03ED63-6656-4229-99B7-EA88BB59E1C4}.Debug|Any CPU.Build.0 = Debug|Any CPU
		{FC03ED63-6656-4229-99B7-EA88BB59E1C4}.Release|Any CPU.ActiveCfg = Release|Any CPU
		{FC03ED63-6656-4229-99B7-EA88BB59E1C4}.Release|Any CPU.Build.0 = Release|Any CPU
	EndGlobalSection
	GlobalSection(SolutionProperties) = preSolution
		HideSolutionNode = FALSE
	EndGlobalSection
	GlobalSection(ExtensibilityGlobals) = postSolution
		SolutionGuid = {912683A4-1631-423D-B95D-96692F4ADE29}
	EndGlobalSection
EndGlobal
