
Microsoft Visual Studio Solution File, Format Version 12.00
# Visual Studio Version 17
VisualStudioVersion = 17.1.32414.318
MinimumVisualStudioVersion = 10.0.40219.1
Project("{FAE04EC0-301F-11D3-BF4B-00C04F79EFBC}") = "21520638_Tuan1_Bai2_2", "21520638_Tuan1_Bai2_2\21520638_Tuan1_Bai2_2.csproj", "{3ED70540-005B-4BC3-8D7F-97AE88BAC579}"
EndProject
Global
	GlobalSection(SolutionConfigurationPlatforms) = preSolution
		Debug|Any CPU = Debug|Any CPU
		Release|Any CPU = Release|Any CPU
	EndGlobalSection
	GlobalSection(ProjectConfigurationPlatforms) = postSolution
		{3ED70540-005B-4BC3-8D7F-97AE88BAC579}.Debug|Any CPU.ActiveCfg = Debug|Any CPU
		{3ED70540-005B-4BC3-8D7F-97AE88BAC579}.Debug|Any CPU.Build.0 = Debug|Any CPU
		{3ED70540-005B-4BC3-8D7F-97AE88BAC579}.Release|Any CPU.ActiveCfg = Release|Any CPU
		{3ED70540-005B-4BC3-8D7F-97AE88BAC579}.Release|Any CPU.Build.0 = Release|Any CPU
	EndGlobalSection
	GlobalSection(SolutionProperties) = preSolution
		HideSolutionNode = FALSE
	EndGlobalSection
	GlobalSection(ExtensibilityGlobals) = postSolution
		SolutionGuid = {B15BB3F4-3E1A-4D60-A4E8-2AB551488BF7}
	EndGlobalSection
EndGlobal
