
Microsoft Visual Studio Solution File, Format Version 12.00
# Visual Studio Version 17
VisualStudioVersion = 17.3.32929.385
MinimumVisualStudioVersion = 10.0.40219.1
Project("{FAE04EC0-301F-11D3-BF4B-00C04F79EFBC}") = "21520638_Bai4_PDF", "21520638_Bai4_PDF\21520638_Bai4_PDF.csproj", "{4F98AB73-EB31-4C5F-A164-A675A2B3A77D}"
EndProject
Global
	GlobalSection(SolutionConfigurationPlatforms) = preSolution
		Debug|Any CPU = Debug|Any CPU
		Release|Any CPU = Release|Any CPU
	EndGlobalSection
	GlobalSection(ProjectConfigurationPlatforms) = postSolution
		{4F98AB73-EB31-4C5F-A164-A675A2B3A77D}.Debug|Any CPU.ActiveCfg = Debug|Any CPU
		{4F98AB73-EB31-4C5F-A164-A675A2B3A77D}.Debug|Any CPU.Build.0 = Debug|Any CPU
		{4F98AB73-EB31-4C5F-A164-A675A2B3A77D}.Release|Any CPU.ActiveCfg = Release|Any CPU
		{4F98AB73-EB31-4C5F-A164-A675A2B3A77D}.Release|Any CPU.Build.0 = Release|Any CPU
	EndGlobalSection
	GlobalSection(SolutionProperties) = preSolution
		HideSolutionNode = FALSE
	EndGlobalSection
	GlobalSection(ExtensibilityGlobals) = postSolution
		SolutionGuid = {177A214B-96E6-4ED2-851E-72A6495C8EF8}
	EndGlobalSection
EndGlobal
