
Microsoft Visual Studio Solution File, Format Version 12.00
# Visual Studio Version 17
VisualStudioVersion = 17.1.32414.318
MinimumVisualStudioVersion = 10.0.40219.1
Project("{FAE04EC0-301F-11D3-BF4B-00C04F79EFBC}") = "21520638_Tuan1_Bai1", "21520638_Tuan1_Bai1\21520638_Tuan1_Bai1.csproj", "{ECA0E1FA-A420-43F9-B1EF-4BA9937A8763}"
EndProject
Global
	GlobalSection(SolutionConfigurationPlatforms) = preSolution
		Debug|Any CPU = Debug|Any CPU
		Release|Any CPU = Release|Any CPU
	EndGlobalSection
	GlobalSection(ProjectConfigurationPlatforms) = postSolution
		{ECA0E1FA-A420-43F9-B1EF-4BA9937A8763}.Debug|Any CPU.ActiveCfg = Debug|Any CPU
		{ECA0E1FA-A420-43F9-B1EF-4BA9937A8763}.Debug|Any CPU.Build.0 = Debug|Any CPU
		{ECA0E1FA-A420-43F9-B1EF-4BA9937A8763}.Release|Any CPU.ActiveCfg = Release|Any CPU
		{ECA0E1FA-A420-43F9-B1EF-4BA9937A8763}.Release|Any CPU.Build.0 = Release|Any CPU
	EndGlobalSection
	GlobalSection(SolutionProperties) = preSolution
		HideSolutionNode = FALSE
	EndGlobalSection
	GlobalSection(ExtensibilityGlobals) = postSolution
		SolutionGuid = {1854C70A-BC3F-44A5-ABA3-D49292B1D462}
	EndGlobalSection
EndGlobal
