
Microsoft Visual Studio Solution File, Format Version 12.00
# Visual Studio Version 17
VisualStudioVersion = 17.1.32414.318
MinimumVisualStudioVersion = 10.0.40219.1
Project("{FAE04EC0-301F-11D3-BF4B-00C04F79EFBC}") = "ConsoleApp1", "ConsoleApp1\ConsoleApp1.csproj", "{03173F36-5F29-4153-A19A-DA0D4B68A1F0}"
EndProject
Global
	GlobalSection(SolutionConfigurationPlatforms) = preSolution
		Debug|Any CPU = Debug|Any CPU
		Release|Any CPU = Release|Any CPU
	EndGlobalSection
	GlobalSection(ProjectConfigurationPlatforms) = postSolution
		{03173F36-5F29-4153-A19A-DA0D4B68A1F0}.Debug|Any CPU.ActiveCfg = Debug|Any CPU
		{03173F36-5F29-4153-A19A-DA0D4B68A1F0}.Debug|Any CPU.Build.0 = Debug|Any CPU
		{03173F36-5F29-4153-A19A-DA0D4B68A1F0}.Release|Any CPU.ActiveCfg = Release|Any CPU
		{03173F36-5F29-4153-A19A-DA0D4B68A1F0}.Release|Any CPU.Build.0 = Release|Any CPU
	EndGlobalSection
	GlobalSection(SolutionProperties) = preSolution
		HideSolutionNode = FALSE
	EndGlobalSection
	GlobalSection(ExtensibilityGlobals) = postSolution
		SolutionGuid = {577F4897-562C-4628-9D68-717AB6B43ECD}
	EndGlobalSection
EndGlobal
