
Microsoft Visual Studio Solution File, Format Version 12.00
# Visual Studio Version 17
VisualStudioVersion = 17.1.32414.318
MinimumVisualStudioVersion = 10.0.40219.1
Project("{FAE04EC0-301F-11D3-BF4B-00C04F79EFBC}") = "21520638_Tuan1_Bai3_3", "21520638_Tuan1_Bai3_3\21520638_Tuan1_Bai3_3.csproj", "{FE486E16-C6DD-44BA-8DAD-D2D271035361}"
EndProject
Global
	GlobalSection(SolutionConfigurationPlatforms) = preSolution
		Debug|Any CPU = Debug|Any CPU
		Release|Any CPU = Release|Any CPU
	EndGlobalSection
	GlobalSection(ProjectConfigurationPlatforms) = postSolution
		{FE486E16-C6DD-44BA-8DAD-D2D271035361}.Debug|Any CPU.ActiveCfg = Debug|Any CPU
		{FE486E16-C6DD-44BA-8DAD-D2D271035361}.Debug|Any CPU.Build.0 = Debug|Any CPU
		{FE486E16-C6DD-44BA-8DAD-D2D271035361}.Release|Any CPU.ActiveCfg = Release|Any CPU
		{FE486E16-C6DD-44BA-8DAD-D2D271035361}.Release|Any CPU.Build.0 = Release|Any CPU
	EndGlobalSection
	GlobalSection(SolutionProperties) = preSolution
		HideSolutionNode = FALSE
	EndGlobalSection
	GlobalSection(ExtensibilityGlobals) = postSolution
		SolutionGuid = {A310F74E-E3D3-4218-A49A-E06B63207766}
	EndGlobalSection
EndGlobal
